
Microsoft Visual Studio Solution File, Format Version 12.00
# Visual Studio 15
VisualStudioVersion = 15.0.28010.2046
MinimumVisualStudioVersion = 10.0.40219.1
Project("{FAE04EC0-301F-11D3-BF4B-00C04F79EFBC}") = "StronglyTyped-HtmlHelpers", "StronglyTyped-HtmlHelpers\StronglyTyped-HtmlHelpers.csproj", "{840D2E54-ACD8-4984-BF24-D8ED726D1D23}"
EndProject
Global
	GlobalSection(SolutionConfigurationPlatforms) = preSolution
		Debug|Any CPU = Debug|Any CPU
		Release|Any CPU = Release|Any CPU
	EndGlobalSection
	GlobalSection(ProjectConfigurationPlatforms) = postSolution
		{840D2E54-ACD8-4984-BF24-D8ED726D1D23}.Debug|Any CPU.ActiveCfg = Debug|Any CPU
		{840D2E54-ACD8-4984-BF24-D8ED726D1D23}.Debug|Any CPU.Build.0 = Debug|Any CPU
		{840D2E54-ACD8-4984-BF24-D8ED726D1D23}.Release|Any CPU.ActiveCfg = Release|Any CPU
		{840D2E54-ACD8-4984-BF24-D8ED726D1D23}.Release|Any CPU.Build.0 = Release|Any CPU
	EndGlobalSection
	GlobalSection(SolutionProperties) = preSolution
		HideSolutionNode = FALSE
	EndGlobalSection
	GlobalSection(ExtensibilityGlobals) = postSolution
		SolutionGuid = {DA1F74DC-7C1A-4CDE-AB13-BB555AD3D684}
	EndGlobalSection
EndGlobal
