
Microsoft Visual Studio Solution File, Format Version 12.00
# Visual Studio 15
VisualStudioVersion = 15.0.28010.2046
MinimumVisualStudioVersion = 10.0.40219.1
Project("{FAE04EC0-301F-11D3-BF4B-00C04F79EFBC}") = "CRUD-Practice", "CRUD-Practice\CRUD-Practice.csproj", "{9DE5E2BF-5DE9-446F-8725-BFDF1FE93C9F}"
EndProject
Global
	GlobalSection(SolutionConfigurationPlatforms) = preSolution
		Debug|Any CPU = Debug|Any CPU
		Release|Any CPU = Release|Any CPU
	EndGlobalSection
	GlobalSection(ProjectConfigurationPlatforms) = postSolution
		{9DE5E2BF-5DE9-446F-8725-BFDF1FE93C9F}.Debug|Any CPU.ActiveCfg = Debug|Any CPU
		{9DE5E2BF-5DE9-446F-8725-BFDF1FE93C9F}.Debug|Any CPU.Build.0 = Debug|Any CPU
		{9DE5E2BF-5DE9-446F-8725-BFDF1FE93C9F}.Release|Any CPU.ActiveCfg = Release|Any CPU
		{9DE5E2BF-5DE9-446F-8725-BFDF1FE93C9F}.Release|Any CPU.Build.0 = Release|Any CPU
	EndGlobalSection
	GlobalSection(SolutionProperties) = preSolution
		HideSolutionNode = FALSE
	EndGlobalSection
	GlobalSection(ExtensibilityGlobals) = postSolution
		SolutionGuid = {1421AB28-6F4F-482D-AA5B-9DC9F0296CEE}
	EndGlobalSection
EndGlobal
